hash: edc4e37d1c80a6c4f158de8946f6f6209f5a9d4ee2891c0e55ffac13a8c48c39
updated: 2018-01-11T13:23:43.144688627Z
imports:
- name: github.com/elastic/go-lumber
  version: 616041e345fc33c97bc0eb0fa6b388aa07bca3e1
  subpackages:
  - lj
  - log
  - protocol/v1
  - protocol/v2
  - server
  - server/internal
  - server/v1
  - server/v2
- name: github.com/elastic/go-ucfg
  version: 6baf3ba6c380865e8176e9418551444b25cbf8f2
  subpackages:
  - yaml
- name: github.com/hashicorp/go-syslog
  version: 326bf4a7f709d263f964a6a96558676b103f3534
- name: github.com/klauspost/compress
  version: b88785bfd699aa994985ea91b90ee8a1721c3fe1
  subpackages:
  - flate
  - zlib
- name: github.com/klauspost/cpuid
  version: ae832f27941af41db13bd6d8efd2493e3b22415a
- name: github.com/Sirupsen/logrus
  version: d26492970760ca5d33129d2d799e34be5c4782eb
- name: golang.org/x/crypto
  version: 5f55bce93ad2c89f411e009659bb1fd83da36e7b
  subpackages:
  - ssh/terminal
- name: golang.org/x/sys
  version: 810d7000345868fc619eb81f46307107118f4ae1
  subpackages:
  - unix
  - windows
- name: gopkg.in/yaml.v2
  version: d670f9405373e636a5a2765eea47fac0c9bc91a4
testImports: []
